
Microsoft Visual Studio Solution File, Format Version 12.00
# Visual Studio 15
VisualStudioVersion = 15.0.28010.2036
MinimumVisualStudioVersion = 10.0.40219.1
Project("{FAE04EC0-301F-11D3-BF4B-00C04F79EFBC}") = "Pig Latin", "Pig Latin\Pig Latin.csproj", "{D38F72EE-B88F-47DC-8169-1F1D40E4EDD9}"
EndProject
Global
	GlobalSection(SolutionConfigurationPlatforms) = preSolution
		Debug|Any CPU = Debug|Any CPU
		Release|Any CPU = Release|Any CPU
	EndGlobalSection
	GlobalSection(ProjectConfigurationPlatforms) = postSolution
		{D38F72EE-B88F-47DC-8169-1F1D40E4EDD9}.Debug|Any CPU.ActiveCfg = Debug|Any CPU
		{D38F72EE-B88F-47DC-8169-1F1D40E4EDD9}.Debug|Any CPU.Build.0 = Debug|Any CPU
		{D38F72EE-B88F-47DC-8169-1F1D40E4EDD9}.Release|Any CPU.ActiveCfg = Release|Any CPU
		{D38F72EE-B88F-47DC-8169-1F1D40E4EDD9}.Release|Any CPU.Build.0 = Release|Any CPU
	EndGlobalSection
	GlobalSection(SolutionProperties) = preSolution
		HideSolutionNode = FALSE
	EndGlobalSection
	GlobalSection(ExtensibilityGlobals) = postSolution
		SolutionGuid = {202301F7-2248-447D-ACEF-85DD55EE092B}
	EndGlobalSection
EndGlobal
